
Microsoft Visual Studio Solution File, Format Version 12.00
# Visual Studio Version 16
VisualStudioVersion = 16.0.31727.386
MinimumVisualStudioVersion = 10.0.40219.1
Project("{9A19103F-16F7-4668-BE54-9A1E7A4F7556}") = "0_FrameWork", "0_FrameWork\0_FrameWork.csproj", "{3305085E-3403-49A9-97CD-0384513A96B8}"
EndProject
Project("{2150E333-8FDC-42A3-9474-1A3956D46DE8}") = "ShopMangeMent", "ShopMangeMent", "{AE17514C-7F1D-46D7-9E1F-86ECBBEA176B}"
EndProject
Project("{2150E333-8FDC-42A3-9474-1A3956D46DE8}") = "SA.Domain", "SA.Domain", "{FFE07D3A-480A-4B54-840B-2C786AFCC9CE}"
EndProject
Project("{9A19103F-16F7-4668-BE54-9A1E7A4F7556}") = "ShopManagement.Domain", "ShopManagement.Domain\ShopManagement.Domain.csproj", "{35071D3D-F25B-44C1-AF90-4CAD835981E6}"
EndProject
Project("{2150E333-8FDC-42A3-9474-1A3956D46DE8}") = "SM.Application", "SM.Application", "{86D56687-0267-49A6-82FB-903943F8F02D}"
EndProject
Project("{9A19103F-16F7-4668-BE54-9A1E7A4F7556}") = "ShopManagement.Application.Contracts", "ShopManagement.Application.Contracts\ShopManagement.Application.Contracts.csproj", "{4B129DF3-777F-4EB8-852E-B503E710D64F}"
EndProject
Project("{9A19103F-16F7-4668-BE54-9A1E7A4F7556}") = "ShopManagement.Application", "ShopManagement.Application\ShopManagement.Application.csproj", "{0B3D6DBF-78F7-4FCF-BBA2-702575CF1B0F}"
EndProject
Project("{2150E333-8FDC-42A3-9474-1A3956D46DE8}") = "SM.Infrastructure", "SM.Infrastructure", "{BC3101DD-3F67-4C4B-B6A5-F7F41254D7DC}"
EndProject
Project("{9A19103F-16F7-4668-BE54-9A1E7A4F7556}") = "ShopManagement.Infrastructure.EFCore", "ShopManagement.Infrastructure.EFCore\ShopManagement.Infrastructure.EFCore.csproj", "{8AE649D2-CB37-4BD8-A3BE-10AEAED80D49}"
EndProject
Project("{9A19103F-16F7-4668-BE54-9A1E7A4F7556}") = "ShopManagement.Configuration", "ShopManagement.Configuration\ShopManagement.Configuration.csproj", "{971A8452-A737-44AD-A2D8-1FEDA8997228}"
EndProject
Project("{9A19103F-16F7-4668-BE54-9A1E7A4F7556}") = "ServiceHost", "ServiceHost\ServiceHost.csproj", "{7B14FFD2-EC49-4D7B-9CC2-2E4FE4795AE5}"
EndProject
Project("{9A19103F-16F7-4668-BE54-9A1E7A4F7556}") = "01_LampShadeQueries", "01_LampShadeQueries\01_LampShadeQueries.csproj", "{E6B89B07-252F-455C-97DB-070AA90D38DF}"
EndProject
Project("{2150E333-8FDC-42A3-9474-1A3956D46DE8}") = "DiscountManagement", "DiscountManagement", "{972BFA50-83D2-4584-95EF-EB3171BC1733}"
EndProject
Project("{2150E333-8FDC-42A3-9474-1A3956D46DE8}") = "DM.Domain", "DM.Domain", "{0DF449AE-220E-4ABF-9A79-F556566F4517}"
EndProject
Project("{9A19103F-16F7-4668-BE54-9A1E7A4F7556}") = "DiscountManagement.Domain", "DiscountManagement.Domain\DiscountManagement.Domain.csproj", "{401F4038-14E4-4BB3-B466-4EB1FDCD59C0}"
EndProject
Project("{2150E333-8FDC-42A3-9474-1A3956D46DE8}") = "DM.Application", "DM.Application", "{AA230F9E-23D5-4C4C-8D06-AA542DD4BCC2}"
EndProject
Project("{9A19103F-16F7-4668-BE54-9A1E7A4F7556}") = "DiscountManagement.Application.Contract", "DiscountManagement.Application.Contract\DiscountManagement.Application.Contract.csproj", "{3A2AF5E2-205E-42C9-AE88-9CDDD8DCC538}"
EndProject
Project("{9A19103F-16F7-4668-BE54-9A1E7A4F7556}") = "DiscountManagement.Application", "DiscountMangement.Application\DiscountManagement.Application.csproj", "{FEA02412-4938-41AF-A128-31FB14D4DF2E}"
EndProject
Project("{2150E333-8FDC-42A3-9474-1A3956D46DE8}") = "DM.infrastructure", "DM.infrastructure", "{DB64C229-EB58-4B96-88F1-884DF25A0073}"
EndProject
Project("{9A19103F-16F7-4668-BE54-9A1E7A4F7556}") = "DiscountManagement.infrastructure.EFCore", "DiscountManagement.infrastructure.EFCore\DiscountManagement.infrastructure.EFCore.csproj", "{C386FA12-5D6E-4017-8362-ED967D073328}"
EndProject
Project("{9A19103F-16F7-4668-BE54-9A1E7A4F7556}") = "DiscountManagement.Configuration", "DiscountManagement.Configuration\DiscountManagement.Configuration.csproj", "{0DEC7F67-9D30-4DBF-A031-6956581D921B}"
EndProject
Project("{2150E333-8FDC-42A3-9474-1A3956D46DE8}") = "InventoryManagement", "InventoryManagement", "{17A37895-D35E-4822-9F40-E76861AAA310}"
EndProject
Project("{2150E333-8FDC-42A3-9474-1A3956D46DE8}") = "IM.Domain", "IM.Domain", "{8BE6D505-8B1D-48E4-BED3-2D75CA9B34F3}"
EndProject
Project("{9A19103F-16F7-4668-BE54-9A1E7A4F7556}") = "InventoryManagement.Domain", "InventoryManagement.Domain\InventoryManagement.Domain.csproj", "{DEB5F80A-DBFF-4324-8438-3998342D5A89}"
EndProject
Project("{2150E333-8FDC-42A3-9474-1A3956D46DE8}") = "IM.Application", "IM.Application", "{2714A704-910A-4C84-89E3-5FC7909AB3A4}"
EndProject
Project("{9A19103F-16F7-4668-BE54-9A1E7A4F7556}") = "InventoryManagement.Application.Contract", "IneventoryManagement.Application.Contract\InventoryManagement.Application.Contract.csproj", "{3DA8B620-457A-4182-A734-F8707E6888EE}"
EndProject
Project("{2150E333-8FDC-42A3-9474-1A3956D46DE8}") = "IM.Infrastructure", "IM.Infrastructure", "{4EAD124E-3978-425F-A585-DECA5724F591}"
EndProject
Project("{9A19103F-16F7-4668-BE54-9A1E7A4F7556}") = "InventoryManagement.Infrastructure.EfCore", "InvenrotyManagment.Infrastructure.EfCore\InventoryManagement.Infrastructure.EfCore.csproj", "{E46EF318-3E1C-4096-A09C-0B3238FFAE24}"
EndProject
Project("{9A19103F-16F7-4668-BE54-9A1E7A4F7556}") = "InventoryManagement.Configuration", "InventoryManagement.Configuration\InventoryManagement.Configuration.csproj", "{482391CB-9A96-40FB-A7C4-64104428A263}"
EndProject
Project("{9A19103F-16F7-4668-BE54-9A1E7A4F7556}") = "InventoryManagement.Application", "InventoryManagement.Application\InventoryManagement.Application.csproj", "{872F22C1-2558-4FA8-8657-18C596FC8A43}"
EndProject
Project("{2150E333-8FDC-42A3-9474-1A3956D46DE8}") = "CommentManagement", "CommentManagement", "{F0CDB6FB-392F-45B6-8091-F269E63C289C}"
EndProject
Project("{2150E333-8FDC-42A3-9474-1A3956D46DE8}") = "CM.Domain", "CM.Domain", "{DE2F457F-3472-40DD-AE1A-CAE2E83BC4AF}"
EndProject
Project("{9A19103F-16F7-4668-BE54-9A1E7A4F7556}") = "CommentManagement.Domain", "CommentManagement.Domain\CommentManagement.Domain.csproj", "{58D963AC-3CF3-4D69-8E2F-CA9D020B26A8}"
EndProject
Project("{2150E333-8FDC-42A3-9474-1A3956D46DE8}") = "CM.Application", "CM.Application", "{B958044C-BFF1-4958-8386-F93B6679A090}"
EndProject
Project("{9A19103F-16F7-4668-BE54-9A1E7A4F7556}") = "CommentManagement.Application.Contract", "CommentManagement.Application.Contract\CommentManagement.Application.Contract.csproj", "{EFFE79CD-3633-4345-BCE0-958B6A51163F}"
EndProject
Project("{9A19103F-16F7-4668-BE54-9A1E7A4F7556}") = "CommentManagement.Application", "CommentManagement.Application\CommentManagement.Application.csproj", "{FA3D6B10-F175-43D7-877B-32386E80C24F}"
EndProject
Project("{2150E333-8FDC-42A3-9474-1A3956D46DE8}") = "CM.Infrastructure", "CM.Infrastructure", "{30484FD8-00EF-4BAD-B962-E857FE51EC56}"
EndProject
Project("{9A19103F-16F7-4668-BE54-9A1E7A4F7556}") = "CommentManagement.Infrastructure.EfCore", "CommentManagement.Infrastructure.EfCore\CommentManagement.Infrastructure.EfCore.csproj", "{48923799-4B33-46B1-ADE7-191F70172612}"
EndProject
Project("{9A19103F-16F7-4668-BE54-9A1E7A4F7556}") = "CommentManagement.Configuration", "CommentManagement.Configuration\CommentManagement.Configuration.csproj", "{26AAD1B5-529E-4FC9-B6B2-FDB8B6E80B14}"
EndProject
Project("{2150E333-8FDC-42A3-9474-1A3956D46DE8}") = "BloggingManagement", "BloggingManagement", "{FD2C538C-1521-40A6-8FBF-2FA21705B63D}"
EndProject
Project("{2150E333-8FDC-42A3-9474-1A3956D46DE8}") = "BM.Domain", "BM.Domain", "{A892CD1F-36D1-4E84-952E-1B53D40C28A1}"
EndProject
Project("{9A19103F-16F7-4668-BE54-9A1E7A4F7556}") = "BloggingManagement.Domain", "BloggingManagement.Domain\BloggingManagement.Domain.csproj", "{E2E5EA93-D0D9-4B6D-9C9B-DDB3C96C54CD}"
EndProject
Project("{2150E333-8FDC-42A3-9474-1A3956D46DE8}") = "BM.Application", "BM.Application", "{7E3A96E3-1DCD-4A27-AC33-23C015D232C0}"
EndProject
Project("{9A19103F-16F7-4668-BE54-9A1E7A4F7556}") = "BloggingManagement.Application.Contract", "BloggingManagement.Application.Contract\BloggingManagement.Application.Contract.csproj", "{4801F5A2-6D79-4638-9EF0-FE6CFD7601BB}"
EndProject
Project("{9A19103F-16F7-4668-BE54-9A1E7A4F7556}") = "BloggingManagement.Application", "BloggingManagement.Application\BloggingManagement.Application.csproj", "{F3D6F0A3-19B1-451C-8B05-708ACDC6FA2D}"
EndProject
Project("{2150E333-8FDC-42A3-9474-1A3956D46DE8}") = "BM.Infrastructure", "BM.Infrastructure", "{3804BE84-2A17-4547-B689-1D8EA0B348C1}"
EndProject
Project("{9A19103F-16F7-4668-BE54-9A1E7A4F7556}") = "BloggingManagement.Infrastructure.EFCore", "BloggingManagement.Infrastructure.EFCore\BloggingManagement.Infrastructure.EFCore.csproj", "{32DF2885-AE73-4A83-855A-3826CCE70320}"
EndProject
Project("{9A19103F-16F7-4668-BE54-9A1E7A4F7556}") = "BloggingManagement.Configuration", "BloggingManagement.Configuration\BloggingManagement.Configuration.csproj", "{1A9E2187-2686-43FD-B25A-F26D92BD4070}"
EndProject
Project("{2150E333-8FDC-42A3-9474-1A3956D46DE8}") = "AccountManagement", "AccountManagement", "{FF99BE6C-E12F-4991-A72E-21D886716419}"
EndProject
Project("{2150E333-8FDC-42A3-9474-1A3956D46DE8}") = "AM.Domain", "AM.Domain", "{2DD4C3BF-BE98-4F81-BF11-BBAB7EB88E05}"
EndProject
Project("{FAE04EC0-301F-11D3-BF4B-00C04F79EFBC}") = "AccountManagement.Domain", "AccountManagement.Domain\AccountManagement.Domain.csproj", "{E90A74E7-5E33-483F-BDC7-13084315EFCA}"
EndProject
Project("{2150E333-8FDC-42A3-9474-1A3956D46DE8}") = "AM.Infrastructure", "AM.Infrastructure", "{5F8BF164-8D75-41DA-8F1B-7F08A6CBCA11}"
EndProject
Project("{FAE04EC0-301F-11D3-BF4B-00C04F79EFBC}") = "AccountManagement.Infrastructure.EFCore", "AccountManagement.Infrastructure.EFCore\AccountManagement.Infrastructure.EFCore.csproj", "{D157F1B0-119E-4AC8-B969-4757A8B450E9}"
EndProject
Project("{2150E333-8FDC-42A3-9474-1A3956D46DE8}") = "AM.Application", "AM.Application", "{978A1572-CE60-4DE3-80D1-4BC6F27A99E8}"
EndProject
Project("{FAE04EC0-301F-11D3-BF4B-00C04F79EFBC}") = "AccountManagement.Application.Contract", "AccountManagement.Application.Contract\AccountManagement.Application.Contract.csproj", "{430706B9-70F3-4FE6-A060-D881D92AA236}"
EndProject
Project("{FAE04EC0-301F-11D3-BF4B-00C04F79EFBC}") = "AccountManagement.Application", "AccountManagement.Application\AccountManagement.Application.csproj", "{6A43F25F-870C-4C4C-995B-B84CF18D523A}"
EndProject
Project("{FAE04EC0-301F-11D3-BF4B-00C04F79EFBC}") = "AccountManagement.Configuration", "AccountManagement.Configuration\AccountManagement.Configuration.csproj", "{BCD4589E-D7A2-4E26-9E7A-828F5B0315D8}"
EndProject
Global
	GlobalSection(SolutionConfigurationPlatforms) = preSolution
		Debug|Any CPU = Debug|Any CPU
		Release|Any CPU = Release|Any CPU
	EndGlobalSection
	GlobalSection(ProjectConfigurationPlatforms) = postSolution
		{3305085E-3403-49A9-97CD-0384513A96B8}.Debug|Any CPU.ActiveCfg = Debug|Any CPU
		{3305085E-3403-49A9-97CD-0384513A96B8}.Debug|Any CPU.Build.0 = Debug|Any CPU
		{3305085E-3403-49A9-97CD-0384513A96B8}.Release|Any CPU.ActiveCfg = Release|Any CPU
		{3305085E-3403-49A9-97CD-0384513A96B8}.Release|Any CPU.Build.0 = Release|Any CPU
		{35071D3D-F25B-44C1-AF90-4CAD835981E6}.Debug|Any CPU.ActiveCfg = Debug|Any CPU
		{35071D3D-F25B-44C1-AF90-4CAD835981E6}.Debug|Any CPU.Build.0 = Debug|Any CPU
		{35071D3D-F25B-44C1-AF90-4CAD835981E6}.Release|Any CPU.ActiveCfg = Release|Any CPU
		{35071D3D-F25B-44C1-AF90-4CAD835981E6}.Release|Any CPU.Build.0 = Release|Any CPU
		{4B129DF3-777F-4EB8-852E-B503E710D64F}.Debug|Any CPU.ActiveCfg = Debug|Any CPU
		{4B129DF3-777F-4EB8-852E-B503E710D64F}.Debug|Any CPU.Build.0 = Debug|Any CPU
		{4B129DF3-777F-4EB8-852E-B503E710D64F}.Release|Any CPU.ActiveCfg = Release|Any CPU
		{4B129DF3-777F-4EB8-852E-B503E710D64F}.Release|Any CPU.Build.0 = Release|Any CPU
		{0B3D6DBF-78F7-4FCF-BBA2-702575CF1B0F}.Debug|Any CPU.ActiveCfg = Debug|Any CPU
		{0B3D6DBF-78F7-4FCF-BBA2-702575CF1B0F}.Debug|Any CPU.Build.0 = Debug|Any CPU
		{0B3D6DBF-78F7-4FCF-BBA2-702575CF1B0F}.Release|Any CPU.ActiveCfg = Release|Any CPU
		{0B3D6DBF-78F7-4FCF-BBA2-702575CF1B0F}.Release|Any CPU.Build.0 = Release|Any CPU
		{8AE649D2-CB37-4BD8-A3BE-10AEAED80D49}.Debug|Any CPU.ActiveCfg = Debug|Any CPU
		{8AE649D2-CB37-4BD8-A3BE-10AEAED80D49}.Debug|Any CPU.Build.0 = Debug|Any CPU
		{8AE649D2-CB37-4BD8-A3BE-10AEAED80D49}.Release|Any CPU.ActiveCfg = Release|Any CPU
		{8AE649D2-CB37-4BD8-A3BE-10AEAED80D49}.Release|Any CPU.Build.0 = Release|Any CPU
		{971A8452-A737-44AD-A2D8-1FEDA8997228}.Debug|Any CPU.ActiveCfg = Debug|Any CPU
		{971A8452-A737-44AD-A2D8-1FEDA8997228}.Debug|Any CPU.Build.0 = Debug|Any CPU
		{971A8452-A737-44AD-A2D8-1FEDA8997228}.Release|Any CPU.ActiveCfg = Release|Any CPU
		{971A8452-A737-44AD-A2D8-1FEDA8997228}.Release|Any CPU.Build.0 = Release|Any CPU
		{7B14FFD2-EC49-4D7B-9CC2-2E4FE4795AE5}.Debug|Any CPU.ActiveCfg = Debug|Any CPU
		{7B14FFD2-EC49-4D7B-9CC2-2E4FE4795AE5}.Debug|Any CPU.Build.0 = Debug|Any CPU
		{7B14FFD2-EC49-4D7B-9CC2-2E4FE4795AE5}.Release|Any CPU.ActiveCfg = Release|Any CPU
		{7B14FFD2-EC49-4D7B-9CC2-2E4FE4795AE5}.Release|Any CPU.Build.0 = Release|Any CPU
		{E6B89B07-252F-455C-97DB-070AA90D38DF}.Debug|Any CPU.ActiveCfg = Debug|Any CPU
		{E6B89B07-252F-455C-97DB-070AA90D38DF}.Debug|Any CPU.Build.0 = Debug|Any CPU
		{E6B89B07-252F-455C-97DB-070AA90D38DF}.Release|Any CPU.ActiveCfg = Release|Any CPU
		{E6B89B07-252F-455C-97DB-070AA90D38DF}.Release|Any CPU.Build.0 = Release|Any CPU
		{401F4038-14E4-4BB3-B466-4EB1FDCD59C0}.Debug|Any CPU.ActiveCfg = Debug|Any CPU
		{401F4038-14E4-4BB3-B466-4EB1FDCD59C0}.Debug|Any CPU.Build.0 = Debug|Any CPU
		{401F4038-14E4-4BB3-B466-4EB1FDCD59C0}.Release|Any CPU.ActiveCfg = Release|Any CPU
		{401F4038-14E4-4BB3-B466-4EB1FDCD59C0}.Release|Any CPU.Build.0 = Release|Any CPU
		{3A2AF5E2-205E-42C9-AE88-9CDDD8DCC538}.Debug|Any CPU.ActiveCfg = Debug|Any CPU
		{3A2AF5E2-205E-42C9-AE88-9CDDD8DCC538}.Debug|Any CPU.Build.0 = Debug|Any CPU
		{3A2AF5E2-205E-42C9-AE88-9CDDD8DCC538}.Release|Any CPU.ActiveCfg = Release|Any CPU
		{3A2AF5E2-205E-42C9-AE88-9CDDD8DCC538}.Release|Any CPU.Build.0 = Release|Any CPU
		{FEA02412-4938-41AF-A128-31FB14D4DF2E}.Debug|Any CPU.ActiveCfg = Debug|Any CPU
		{FEA02412-4938-41AF-A128-31FB14D4DF2E}.Debug|Any CPU.Build.0 = Debug|Any CPU
		{FEA02412-4938-41AF-A128-31FB14D4DF2E}.Release|Any CPU.ActiveCfg = Release|Any CPU
		{FEA02412-4938-41AF-A128-31FB14D4DF2E}.Release|Any CPU.Build.0 = Release|Any CPU
		{C386FA12-5D6E-4017-8362-ED967D073328}.Debug|Any CPU.ActiveCfg = Debug|Any CPU
		{C386FA12-5D6E-4017-8362-ED967D073328}.Debug|Any CPU.Build.0 = Debug|Any CPU
		{C386FA12-5D6E-4017-8362-ED967D073328}.Release|Any CPU.ActiveCfg = Release|Any CPU
		{C386FA12-5D6E-4017-8362-ED967D073328}.Release|Any CPU.Build.0 = Release|Any CPU
		{0DEC7F67-9D30-4DBF-A031-6956581D921B}.Debug|Any CPU.ActiveCfg = Debug|Any CPU
		{0DEC7F67-9D30-4DBF-A031-6956581D921B}.Debug|Any CPU.Build.0 = Debug|Any CPU
		{0DEC7F67-9D30-4DBF-A031-6956581D921B}.Release|Any CPU.ActiveCfg = Release|Any CPU
		{0DEC7F67-9D30-4DBF-A031-6956581D921B}.Release|Any CPU.Build.0 = Release|Any CPU
		{DEB5F80A-DBFF-4324-8438-3998342D5A89}.Debug|Any CPU.ActiveCfg = Debug|Any CPU
		{DEB5F80A-DBFF-4324-8438-3998342D5A89}.Debug|Any CPU.Build.0 = Debug|Any CPU
		{DEB5F80A-DBFF-4324-8438-3998342D5A89}.Release|Any CPU.ActiveCfg = Release|Any CPU
		{DEB5F80A-DBFF-4324-8438-3998342D5A89}.Release|Any CPU.Build.0 = Release|Any CPU
		{3DA8B620-457A-4182-A734-F8707E6888EE}.Debug|Any CPU.ActiveCfg = Debug|Any CPU
		{3DA8B620-457A-4182-A734-F8707E6888EE}.Debug|Any CPU.Build.0 = Debug|Any CPU
		{3DA8B620-457A-4182-A734-F8707E6888EE}.Release|Any CPU.ActiveCfg = Release|Any CPU
		{3DA8B620-457A-4182-A734-F8707E6888EE}.Release|Any CPU.Build.0 = Release|Any CPU
		{E46EF318-3E1C-4096-A09C-0B3238FFAE24}.Debug|Any CPU.ActiveCfg = Debug|Any CPU
		{E46EF318-3E1C-4096-A09C-0B3238FFAE24}.Debug|Any CPU.Build.0 = Debug|Any CPU
		{E46EF318-3E1C-4096-A09C-0B3238FFAE24}.Release|Any CPU.ActiveCfg = Release|Any CPU
		{E46EF318-3E1C-4096-A09C-0B3238FFAE24}.Release|Any CPU.Build.0 = Release|Any CPU
		{482391CB-9A96-40FB-A7C4-64104428A263}.Debug|Any CPU.ActiveCfg = Debug|Any CPU
		{482391CB-9A96-40FB-A7C4-64104428A263}.Debug|Any CPU.Build.0 = Debug|Any CPU
		{482391CB-9A96-40FB-A7C4-64104428A263}.Release|Any CPU.ActiveCfg = Release|Any CPU
		{482391CB-9A96-40FB-A7C4-64104428A263}.Release|Any CPU.Build.0 = Release|Any CPU
		{872F22C1-2558-4FA8-8657-18C596FC8A43}.Debug|Any CPU.ActiveCfg = Debug|Any CPU
		{872F22C1-2558-4FA8-8657-18C596FC8A43}.Debug|Any CPU.Build.0 = Debug|Any CPU
		{872F22C1-2558-4FA8-8657-18C596FC8A43}.Release|Any CPU.ActiveCfg = Release|Any CPU
		{872F22C1-2558-4FA8-8657-18C596FC8A43}.Release|Any CPU.Build.0 = Release|Any CPU
		{58D963AC-3CF3-4D69-8E2F-CA9D020B26A8}.Debug|Any CPU.ActiveCfg = Debug|Any CPU
		{58D963AC-3CF3-4D69-8E2F-CA9D020B26A8}.Debug|Any CPU.Build.0 = Debug|Any CPU
		{58D963AC-3CF3-4D69-8E2F-CA9D020B26A8}.Release|Any CPU.ActiveCfg = Release|Any CPU
		{58D963AC-3CF3-4D69-8E2F-CA9D020B26A8}.Release|Any CPU.Build.0 = Release|Any CPU
		{EFFE79CD-3633-4345-BCE0-958B6A51163F}.Debug|Any CPU.ActiveCfg = Debug|Any CPU
		{EFFE79CD-3633-4345-BCE0-958B6A51163F}.Debug|Any CPU.Build.0 = Debug|Any CPU
		{EFFE79CD-3633-4345-BCE0-958B6A51163F}.Release|Any CPU.ActiveCfg = Release|Any CPU
		{EFFE79CD-3633-4345-BCE0-958B6A51163F}.Release|Any CPU.Build.0 = Release|Any CPU
		{FA3D6B10-F175-43D7-877B-32386E80C24F}.Debug|Any CPU.ActiveCfg = Debug|Any CPU
		{FA3D6B10-F175-43D7-877B-32386E80C24F}.Debug|Any CPU.Build.0 = Debug|Any CPU
		{FA3D6B10-F175-43D7-877B-32386E80C24F}.Release|Any CPU.ActiveCfg = Release|Any CPU
		{FA3D6B10-F175-43D7-877B-32386E80C24F}.Release|Any CPU.Build.0 = Release|Any CPU
		{48923799-4B33-46B1-ADE7-191F70172612}.Debug|Any CPU.ActiveCfg = Debug|Any CPU
		{48923799-4B33-46B1-ADE7-191F70172612}.Debug|Any CPU.Build.0 = Debug|Any CPU
		{48923799-4B33-46B1-ADE7-191F70172612}.Release|Any CPU.ActiveCfg = Release|Any CPU
		{48923799-4B33-46B1-ADE7-191F70172612}.Release|Any CPU.Build.0 = Release|Any CPU
		{26AAD1B5-529E-4FC9-B6B2-FDB8B6E80B14}.Debug|Any CPU.ActiveCfg = Debug|Any CPU
		{26AAD1B5-529E-4FC9-B6B2-FDB8B6E80B14}.Debug|Any CPU.Build.0 = Debug|Any CPU
		{26AAD1B5-529E-4FC9-B6B2-FDB8B6E80B14}.Release|Any CPU.ActiveCfg = Release|Any CPU
		{26AAD1B5-529E-4FC9-B6B2-FDB8B6E80B14}.Release|Any CPU.Build.0 = Release|Any CPU
		{E2E5EA93-D0D9-4B6D-9C9B-DDB3C96C54CD}.Debug|Any CPU.ActiveCfg = Debug|Any CPU
		{E2E5EA93-D0D9-4B6D-9C9B-DDB3C96C54CD}.Debug|Any CPU.Build.0 = Debug|Any CPU
		{E2E5EA93-D0D9-4B6D-9C9B-DDB3C96C54CD}.Release|Any CPU.ActiveCfg = Release|Any CPU
		{E2E5EA93-D0D9-4B6D-9C9B-DDB3C96C54CD}.Release|Any CPU.Build.0 = Release|Any CPU
		{4801F5A2-6D79-4638-9EF0-FE6CFD7601BB}.Debug|Any CPU.ActiveCfg = Debug|Any CPU
		{4801F5A2-6D79-4638-9EF0-FE6CFD7601BB}.Debug|Any CPU.Build.0 = Debug|Any CPU
		{4801F5A2-6D79-4638-9EF0-FE6CFD7601BB}.Release|Any CPU.ActiveCfg = Release|Any CPU
		{4801F5A2-6D79-4638-9EF0-FE6CFD7601BB}.Release|Any CPU.Build.0 = Release|Any CPU
		{F3D6F0A3-19B1-451C-8B05-708ACDC6FA2D}.Debug|Any CPU.ActiveCfg = Debug|Any CPU
		{F3D6F0A3-19B1-451C-8B05-708ACDC6FA2D}.Debug|Any CPU.Build.0 = Debug|Any CPU
		{F3D6F0A3-19B1-451C-8B05-708ACDC6FA2D}.Release|Any CPU.ActiveCfg = Release|Any CPU
		{F3D6F0A3-19B1-451C-8B05-708ACDC6FA2D}.Release|Any CPU.Build.0 = Release|Any CPU
		{32DF2885-AE73-4A83-855A-3826CCE70320}.Debug|Any CPU.ActiveCfg = Debug|Any CPU
		{32DF2885-AE73-4A83-855A-3826CCE70320}.Debug|Any CPU.Build.0 = Debug|Any CPU
		{32DF2885-AE73-4A83-855A-3826CCE70320}.Release|Any CPU.ActiveCfg = Release|Any CPU
		{32DF2885-AE73-4A83-855A-3826CCE70320}.Release|Any CPU.Build.0 = Release|Any CPU
		{1A9E2187-2686-43FD-B25A-F26D92BD4070}.Debug|Any CPU.ActiveCfg = Debug|Any CPU
		{1A9E2187-2686-43FD-B25A-F26D92BD4070}.Debug|Any CPU.Build.0 = Debug|Any CPU
		{1A9E2187-2686-43FD-B25A-F26D92BD4070}.Release|Any CPU.ActiveCfg = Release|Any CPU
		{1A9E2187-2686-43FD-B25A-F26D92BD4070}.Release|Any CPU.Build.0 = Release|Any CPU
		{E90A74E7-5E33-483F-BDC7-13084315EFCA}.Debug|Any CPU.ActiveCfg = Debug|Any CPU
		{E90A74E7-5E33-483F-BDC7-13084315EFCA}.Debug|Any CPU.Build.0 = Debug|Any CPU
		{E90A74E7-5E33-483F-BDC7-13084315EFCA}.Release|Any CPU.ActiveCfg = Release|Any CPU
		{E90A74E7-5E33-483F-BDC7-13084315EFCA}.Release|Any CPU.Build.0 = Release|Any CPU
		{D157F1B0-119E-4AC8-B969-4757A8B450E9}.Debug|Any CPU.ActiveCfg = Debug|Any CPU
		{D157F1B0-119E-4AC8-B969-4757A8B450E9}.Debug|Any CPU.Build.0 = Debug|Any CPU
		{D157F1B0-119E-4AC8-B969-4757A8B450E9}.Release|Any CPU.ActiveCfg = Release|Any CPU
		{D157F1B0-119E-4AC8-B969-4757A8B450E9}.Release|Any CPU.Build.0 = Release|Any CPU
		{430706B9-70F3-4FE6-A060-D881D92AA236}.Debug|Any CPU.ActiveCfg = Debug|Any CPU
		{430706B9-70F3-4FE6-A060-D881D92AA236}.Debug|Any CPU.Build.0 = Debug|Any CPU
		{430706B9-70F3-4FE6-A060-D881D92AA236}.Release|Any CPU.ActiveCfg = Release|Any CPU
		{430706B9-70F3-4FE6-A060-D881D92AA236}.Release|Any CPU.Build.0 = Release|Any CPU
		{6A43F25F-870C-4C4C-995B-B84CF18D523A}.Debug|Any CPU.ActiveCfg = Debug|Any CPU
		{6A43F25F-870C-4C4C-995B-B84CF18D523A}.Debug|Any CPU.Build.0 = Debug|Any CPU
		{6A43F25F-870C-4C4C-995B-B84CF18D523A}.Release|Any CPU.ActiveCfg = Release|Any CPU
		{6A43F25F-870C-4C4C-995B-B84CF18D523A}.Release|Any CPU.Build.0 = Release|Any CPU
		{BCD4589E-D7A2-4E26-9E7A-828F5B0315D8}.Debug|Any CPU.ActiveCfg = Debug|Any CPU
		{BCD4589E-D7A2-4E26-9E7A-828F5B0315D8}.Debug|Any CPU.Build.0 = Debug|Any CPU
		{BCD4589E-D7A2-4E26-9E7A-828F5B0315D8}.Release|Any CPU.ActiveCfg = Release|Any CPU
		{BCD4589E-D7A2-4E26-9E7A-828F5B0315D8}.Release|Any CPU.Build.0 = Release|Any CPU
	EndGlobalSection
	GlobalSection(SolutionProperties) = preSolution
		HideSolutionNode = FALSE
	EndGlobalSection
	GlobalSection(NestedProjects) = preSolution
		{FFE07D3A-480A-4B54-840B-2C786AFCC9CE} = {AE17514C-7F1D-46D7-9E1F-86ECBBEA176B}
		{35071D3D-F25B-44C1-AF90-4CAD835981E6} = {FFE07D3A-480A-4B54-840B-2C786AFCC9CE}
		{86D56687-0267-49A6-82FB-903943F8F02D} = {AE17514C-7F1D-46D7-9E1F-86ECBBEA176B}
		{4B129DF3-777F-4EB8-852E-B503E710D64F} = {86D56687-0267-49A6-82FB-903943F8F02D}
		{0B3D6DBF-78F7-4FCF-BBA2-702575CF1B0F} = {86D56687-0267-49A6-82FB-903943F8F02D}
		{BC3101DD-3F67-4C4B-B6A5-F7F41254D7DC} = {AE17514C-7F1D-46D7-9E1F-86ECBBEA176B}
		{8AE649D2-CB37-4BD8-A3BE-10AEAED80D49} = {BC3101DD-3F67-4C4B-B6A5-F7F41254D7DC}
		{971A8452-A737-44AD-A2D8-1FEDA8997228} = {BC3101DD-3F67-4C4B-B6A5-F7F41254D7DC}
		{0DF449AE-220E-4ABF-9A79-F556566F4517} = {972BFA50-83D2-4584-95EF-EB3171BC1733}
		{401F4038-14E4-4BB3-B466-4EB1FDCD59C0} = {0DF449AE-220E-4ABF-9A79-F556566F4517}
		{AA230F9E-23D5-4C4C-8D06-AA542DD4BCC2} = {972BFA50-83D2-4584-95EF-EB3171BC1733}
		{3A2AF5E2-205E-42C9-AE88-9CDDD8DCC538} = {AA230F9E-23D5-4C4C-8D06-AA542DD4BCC2}
		{FEA02412-4938-41AF-A128-31FB14D4DF2E} = {AA230F9E-23D5-4C4C-8D06-AA542DD4BCC2}
		{DB64C229-EB58-4B96-88F1-884DF25A0073} = {972BFA50-83D2-4584-95EF-EB3171BC1733}
		{C386FA12-5D6E-4017-8362-ED967D073328} = {DB64C229-EB58-4B96-88F1-884DF25A0073}
		{0DEC7F67-9D30-4DBF-A031-6956581D921B} = {DB64C229-EB58-4B96-88F1-884DF25A0073}
		{8BE6D505-8B1D-48E4-BED3-2D75CA9B34F3} = {17A37895-D35E-4822-9F40-E76861AAA310}
		{DEB5F80A-DBFF-4324-8438-3998342D5A89} = {8BE6D505-8B1D-48E4-BED3-2D75CA9B34F3}
		{2714A704-910A-4C84-89E3-5FC7909AB3A4} = {17A37895-D35E-4822-9F40-E76861AAA310}
		{3DA8B620-457A-4182-A734-F8707E6888EE} = {2714A704-910A-4C84-89E3-5FC7909AB3A4}
		{4EAD124E-3978-425F-A585-DECA5724F591} = {17A37895-D35E-4822-9F40-E76861AAA310}
		{E46EF318-3E1C-4096-A09C-0B3238FFAE24} = {4EAD124E-3978-425F-A585-DECA5724F591}
		{482391CB-9A96-40FB-A7C4-64104428A263} = {4EAD124E-3978-425F-A585-DECA5724F591}
		{872F22C1-2558-4FA8-8657-18C596FC8A43} = {2714A704-910A-4C84-89E3-5FC7909AB3A4}
		{DE2F457F-3472-40DD-AE1A-CAE2E83BC4AF} = {F0CDB6FB-392F-45B6-8091-F269E63C289C}
		{58D963AC-3CF3-4D69-8E2F-CA9D020B26A8} = {DE2F457F-3472-40DD-AE1A-CAE2E83BC4AF}
		{B958044C-BFF1-4958-8386-F93B6679A090} = {F0CDB6FB-392F-45B6-8091-F269E63C289C}
		{EFFE79CD-3633-4345-BCE0-958B6A51163F} = {B958044C-BFF1-4958-8386-F93B6679A090}
		{FA3D6B10-F175-43D7-877B-32386E80C24F} = {B958044C-BFF1-4958-8386-F93B6679A090}
		{30484FD8-00EF-4BAD-B962-E857FE51EC56} = {F0CDB6FB-392F-45B6-8091-F269E63C289C}
		{48923799-4B33-46B1-ADE7-191F70172612} = {30484FD8-00EF-4BAD-B962-E857FE51EC56}
		{26AAD1B5-529E-4FC9-B6B2-FDB8B6E80B14} = {30484FD8-00EF-4BAD-B962-E857FE51EC56}
		{A892CD1F-36D1-4E84-952E-1B53D40C28A1} = {FD2C538C-1521-40A6-8FBF-2FA21705B63D}
		{E2E5EA93-D0D9-4B6D-9C9B-DDB3C96C54CD} = {A892CD1F-36D1-4E84-952E-1B53D40C28A1}
		{7E3A96E3-1DCD-4A27-AC33-23C015D232C0} = {FD2C538C-1521-40A6-8FBF-2FA21705B63D}
		{4801F5A2-6D79-4638-9EF0-FE6CFD7601BB} = {7E3A96E3-1DCD-4A27-AC33-23C015D232C0}
		{F3D6F0A3-19B1-451C-8B05-708ACDC6FA2D} = {7E3A96E3-1DCD-4A27-AC33-23C015D232C0}
		{3804BE84-2A17-4547-B689-1D8EA0B348C1} = {FD2C538C-1521-40A6-8FBF-2FA21705B63D}
		{32DF2885-AE73-4A83-855A-3826CCE70320} = {3804BE84-2A17-4547-B689-1D8EA0B348C1}
		{1A9E2187-2686-43FD-B25A-F26D92BD4070} = {3804BE84-2A17-4547-B689-1D8EA0B348C1}
		{2DD4C3BF-BE98-4F81-BF11-BBAB7EB88E05} = {FF99BE6C-E12F-4991-A72E-21D886716419}
		{E90A74E7-5E33-483F-BDC7-13084315EFCA} = {2DD4C3BF-BE98-4F81-BF11-BBAB7EB88E05}
		{5F8BF164-8D75-41DA-8F1B-7F08A6CBCA11} = {FF99BE6C-E12F-4991-A72E-21D886716419}
		{D157F1B0-119E-4AC8-B969-4757A8B450E9} = {5F8BF164-8D75-41DA-8F1B-7F08A6CBCA11}
		{978A1572-CE60-4DE3-80D1-4BC6F27A99E8} = {FF99BE6C-E12F-4991-A72E-21D886716419}
		{430706B9-70F3-4FE6-A060-D881D92AA236} = {978A1572-CE60-4DE3-80D1-4BC6F27A99E8}
		{6A43F25F-870C-4C4C-995B-B84CF18D523A} = {978A1572-CE60-4DE3-80D1-4BC6F27A99E8}
		{BCD4589E-D7A2-4E26-9E7A-828F5B0315D8} = {5F8BF164-8D75-41DA-8F1B-7F08A6CBCA11}
	EndGlobalSection
	GlobalSection(ExtensibilityGlobals) = postSolution
		SolutionGuid = {16097DF7-10E8-4FE9-994B-AE1B602AE288}
	EndGlobalSection
EndGlobal
