
Microsoft Visual Studio Solution File, Format Version 12.00
# Visual Studio Version 16
VisualStudioVersion = 16.0.31727.386
MinimumVisualStudioVersion = 10.0.40219.1
Project("{9A19103F-16F7-4668-BE54-9A1E7A4F7556}") = "0_FrameWork", "0_FrameWork\0_FrameWork.csproj", "{3305085E-3403-49A9-97CD-0384513A96B8}"
EndProject
Project("{2150E333-8FDC-42A3-9474-1A3956D46DE8}") = "ShopMangeMent", "ShopMangeMent", "{AE17514C-7F1D-46D7-9E1F-86ECBBEA176B}"
EndProject
Project("{2150E333-8FDC-42A3-9474-1A3956D46DE8}") = "SA.Domain", "SA.Domain", "{FFE07D3A-480A-4B54-840B-2C786AFCC9CE}"
EndProject
Project("{9A19103F-16F7-4668-BE54-9A1E7A4F7556}") = "ShopManagement.Domain", "ShopManagement.Domain\ShopManagement.Domain.csproj", "{35071D3D-F25B-44C1-AF90-4CAD835981E6}"
EndProject
Project("{2150E333-8FDC-42A3-9474-1A3956D46DE8}") = "SM.Application", "SM.Application", "{86D56687-0267-49A6-82FB-903943F8F02D}"
EndProject
Project("{9A19103F-16F7-4668-BE54-9A1E7A4F7556}") = "ShopManagement.Application.Contracts", "ShopManagement.Application.Contracts\ShopManagement.Application.Contracts.csproj", "{4B129DF3-777F-4EB8-852E-B503E710D64F}"
EndProject
Project("{9A19103F-16F7-4668-BE54-9A1E7A4F7556}") = "ShopManagement.Application", "ShopManagement.Application\ShopManagement.Application.csproj", "{0B3D6DBF-78F7-4FCF-BBA2-702575CF1B0F}"
EndProject
Project("{2150E333-8FDC-42A3-9474-1A3956D46DE8}") = "SM.Infrastructure", "SM.Infrastructure", "{BC3101DD-3F67-4C4B-B6A5-F7F41254D7DC}"
EndProject
Project("{9A19103F-16F7-4668-BE54-9A1E7A4F7556}") = "ShopManagement.Infrastructure.EFCore", "ShopManagement.Infrastructure.EFCore\ShopManagement.Infrastructure.EFCore.csproj", "{8AE649D2-CB37-4BD8-A3BE-10AEAED80D49}"
EndProject
Project("{9A19103F-16F7-4668-BE54-9A1E7A4F7556}") = "ShopManagement.Configuration", "ShopManagement.Configuration\ShopManagement.Configuration.csproj", "{971A8452-A737-44AD-A2D8-1FEDA8997228}"
EndProject
Project("{9A19103F-16F7-4668-BE54-9A1E7A4F7556}") = "ServiceHost", "ServiceHost\ServiceHost.csproj", "{7B14FFD2-EC49-4D7B-9CC2-2E4FE4795AE5}"
EndProject
Project("{9A19103F-16F7-4668-BE54-9A1E7A4F7556}") = "01_LampShadeQueries", "01_LampShadeQueries\01_LampShadeQueries.csproj", "{E6B89B07-252F-455C-97DB-070AA90D38DF}"
EndProject
Project("{2150E333-8FDC-42A3-9474-1A3956D46DE8}") = "DiscountManagement", "DiscountManagement", "{972BFA50-83D2-4584-95EF-EB3171BC1733}"
EndProject
Project("{2150E333-8FDC-42A3-9474-1A3956D46DE8}") = "DM.Domain", "DM.Domain", "{0DF449AE-220E-4ABF-9A79-F556566F4517}"
EndProject
Project("{9A19103F-16F7-4668-BE54-9A1E7A4F7556}") = "DiscountManagement.Domain", "DiscountManagement.Domain\DiscountManagement.Domain.csproj", "{401F4038-14E4-4BB3-B466-4EB1FDCD59C0}"
EndProject
Project("{2150E333-8FDC-42A3-9474-1A3956D46DE8}") = "DM.Application", "DM.Application", "{AA230F9E-23D5-4C4C-8D06-AA542DD4BCC2}"
EndProject
Project("{9A19103F-16F7-4668-BE54-9A1E7A4F7556}") = "DiscountManagement.Application.Contract", "DiscountManagement.Application.Contract\DiscountManagement.Application.Contract.csproj", "{3A2AF5E2-205E-42C9-AE88-9CDDD8DCC538}"
EndProject
Project("{9A19103F-16F7-4668-BE54-9A1E7A4F7556}") = "DiscountManagement.Application", "DiscountMangement.Application\DiscountManagement.Application.csproj", "{FEA02412-4938-41AF-A128-31FB14D4DF2E}"
EndProject
Project("{2150E333-8FDC-42A3-9474-1A3956D46DE8}") = "DM.infrastructure", "DM.infrastructure", "{DB64C229-EB58-4B96-88F1-884DF25A0073}"
EndProject
Project("{9A19103F-16F7-4668-BE54-9A1E7A4F7556}") = "DiscountManagement.infrastructure.EFCore", "DiscountManagement.infrastructure.EFCore\DiscountManagement.infrastructure.EFCore.csproj", "{C386FA12-5D6E-4017-8362-ED967D073328}"
EndProject
Project("{9A19103F-16F7-4668-BE54-9A1E7A4F7556}") = "DiscountManagement.Configuration", "DiscountManagement.Configuration\DiscountManagement.Configuration.csproj", "{0DEC7F67-9D30-4DBF-A031-6956581D921B}"
EndProject
Project("{2150E333-8FDC-42A3-9474-1A3956D46DE8}") = "InventoryManagement", "InventoryManagement", "{17A37895-D35E-4822-9F40-E76861AAA310}"
EndProject
Project("{2150E333-8FDC-42A3-9474-1A3956D46DE8}") = "IM.Domain", "IM.Domain", "{8BE6D505-8B1D-48E4-BED3-2D75CA9B34F3}"
EndProject
Project("{9A19103F-16F7-4668-BE54-9A1E7A4F7556}") = "InventoryManagement.Domain", "InventoryManagement.Domain\InventoryManagement.Domain.csproj", "{DEB5F80A-DBFF-4324-8438-3998342D5A89}"
EndProject
Project("{2150E333-8FDC-42A3-9474-1A3956D46DE8}") = "IM.Application", "IM.Application", "{2714A704-910A-4C84-89E3-5FC7909AB3A4}"
EndProject
Project("{FAE04EC0-301F-11D3-BF4B-00C04F79EFBC}") = "InventoryManagement.Application.Contract", "IneventoryManagement.Application.Contract\InventoryManagement.Application.Contract.csproj", "{3DA8B620-457A-4182-A734-F8707E6888EE}"
EndProject
Global
	GlobalSection(SolutionConfigurationPlatforms) = preSolution
		Debug|Any CPU = Debug|Any CPU
		Release|Any CPU = Release|Any CPU
	EndGlobalSection
	GlobalSection(ProjectConfigurationPlatforms) = postSolution
		{3305085E-3403-49A9-97CD-0384513A96B8}.Debug|Any CPU.ActiveCfg = Debug|Any CPU
		{3305085E-3403-49A9-97CD-0384513A96B8}.Debug|Any CPU.Build.0 = Debug|Any CPU
		{3305085E-3403-49A9-97CD-0384513A96B8}.Release|Any CPU.ActiveCfg = Release|Any CPU
		{3305085E-3403-49A9-97CD-0384513A96B8}.Release|Any CPU.Build.0 = Release|Any CPU
		{35071D3D-F25B-44C1-AF90-4CAD835981E6}.Debug|Any CPU.ActiveCfg = Debug|Any CPU
		{35071D3D-F25B-44C1-AF90-4CAD835981E6}.Debug|Any CPU.Build.0 = Debug|Any CPU
		{35071D3D-F25B-44C1-AF90-4CAD835981E6}.Release|Any CPU.ActiveCfg = Release|Any CPU
		{35071D3D-F25B-44C1-AF90-4CAD835981E6}.Release|Any CPU.Build.0 = Release|Any CPU
		{4B129DF3-777F-4EB8-852E-B503E710D64F}.Debug|Any CPU.ActiveCfg = Debug|Any CPU
		{4B129DF3-777F-4EB8-852E-B503E710D64F}.Debug|Any CPU.Build.0 = Debug|Any CPU
		{4B129DF3-777F-4EB8-852E-B503E710D64F}.Release|Any CPU.ActiveCfg = Release|Any CPU
		{4B129DF3-777F-4EB8-852E-B503E710D64F}.Release|Any CPU.Build.0 = Release|Any CPU
		{0B3D6DBF-78F7-4FCF-BBA2-702575CF1B0F}.Debug|Any CPU.ActiveCfg = Debug|Any CPU
		{0B3D6DBF-78F7-4FCF-BBA2-702575CF1B0F}.Debug|Any CPU.Build.0 = Debug|Any CPU
		{0B3D6DBF-78F7-4FCF-BBA2-702575CF1B0F}.Release|Any CPU.ActiveCfg = Release|Any CPU
		{0B3D6DBF-78F7-4FCF-BBA2-702575CF1B0F}.Release|Any CPU.Build.0 = Release|Any CPU
		{8AE649D2-CB37-4BD8-A3BE-10AEAED80D49}.Debug|Any CPU.ActiveCfg = Debug|Any CPU
		{8AE649D2-CB37-4BD8-A3BE-10AEAED80D49}.Debug|Any CPU.Build.0 = Debug|Any CPU
		{8AE649D2-CB37-4BD8-A3BE-10AEAED80D49}.Release|Any CPU.ActiveCfg = Release|Any CPU
		{8AE649D2-CB37-4BD8-A3BE-10AEAED80D49}.Release|Any CPU.Build.0 = Release|Any CPU
		{971A8452-A737-44AD-A2D8-1FEDA8997228}.Debug|Any CPU.ActiveCfg = Debug|Any CPU
		{971A8452-A737-44AD-A2D8-1FEDA8997228}.Debug|Any CPU.Build.0 = Debug|Any CPU
		{971A8452-A737-44AD-A2D8-1FEDA8997228}.Release|Any CPU.ActiveCfg = Release|Any CPU
		{971A8452-A737-44AD-A2D8-1FEDA8997228}.Release|Any CPU.Build.0 = Release|Any CPU
		{7B14FFD2-EC49-4D7B-9CC2-2E4FE4795AE5}.Debug|Any CPU.ActiveCfg = Debug|Any CPU
		{7B14FFD2-EC49-4D7B-9CC2-2E4FE4795AE5}.Debug|Any CPU.Build.0 = Debug|Any CPU
		{7B14FFD2-EC49-4D7B-9CC2-2E4FE4795AE5}.Release|Any CPU.ActiveCfg = Release|Any CPU
		{7B14FFD2-EC49-4D7B-9CC2-2E4FE4795AE5}.Release|Any CPU.Build.0 = Release|Any CPU
		{E6B89B07-252F-455C-97DB-070AA90D38DF}.Debug|Any CPU.ActiveCfg = Debug|Any CPU
		{E6B89B07-252F-455C-97DB-070AA90D38DF}.Debug|Any CPU.Build.0 = Debug|Any CPU
		{E6B89B07-252F-455C-97DB-070AA90D38DF}.Release|Any CPU.ActiveCfg = Release|Any CPU
		{E6B89B07-252F-455C-97DB-070AA90D38DF}.Release|Any CPU.Build.0 = Release|Any CPU
		{401F4038-14E4-4BB3-B466-4EB1FDCD59C0}.Debug|Any CPU.ActiveCfg = Debug|Any CPU
		{401F4038-14E4-4BB3-B466-4EB1FDCD59C0}.Debug|Any CPU.Build.0 = Debug|Any CPU
		{401F4038-14E4-4BB3-B466-4EB1FDCD59C0}.Release|Any CPU.ActiveCfg = Release|Any CPU
		{401F4038-14E4-4BB3-B466-4EB1FDCD59C0}.Release|Any CPU.Build.0 = Release|Any CPU
		{3A2AF5E2-205E-42C9-AE88-9CDDD8DCC538}.Debug|Any CPU.ActiveCfg = Debug|Any CPU
		{3A2AF5E2-205E-42C9-AE88-9CDDD8DCC538}.Debug|Any CPU.Build.0 = Debug|Any CPU
		{3A2AF5E2-205E-42C9-AE88-9CDDD8DCC538}.Release|Any CPU.ActiveCfg = Release|Any CPU
		{3A2AF5E2-205E-42C9-AE88-9CDDD8DCC538}.Release|Any CPU.Build.0 = Release|Any CPU
		{FEA02412-4938-41AF-A128-31FB14D4DF2E}.Debug|Any CPU.ActiveCfg = Debug|Any CPU
		{FEA02412-4938-41AF-A128-31FB14D4DF2E}.Debug|Any CPU.Build.0 = Debug|Any CPU
		{FEA02412-4938-41AF-A128-31FB14D4DF2E}.Release|Any CPU.ActiveCfg = Release|Any CPU
		{FEA02412-4938-41AF-A128-31FB14D4DF2E}.Release|Any CPU.Build.0 = Release|Any CPU
		{C386FA12-5D6E-4017-8362-ED967D073328}.Debug|Any CPU.ActiveCfg = Debug|Any CPU
		{C386FA12-5D6E-4017-8362-ED967D073328}.Debug|Any CPU.Build.0 = Debug|Any CPU
		{C386FA12-5D6E-4017-8362-ED967D073328}.Release|Any CPU.ActiveCfg = Release|Any CPU
		{C386FA12-5D6E-4017-8362-ED967D073328}.Release|Any CPU.Build.0 = Release|Any CPU
		{0DEC7F67-9D30-4DBF-A031-6956581D921B}.Debug|Any CPU.ActiveCfg = Debug|Any CPU
		{0DEC7F67-9D30-4DBF-A031-6956581D921B}.Debug|Any CPU.Build.0 = Debug|Any CPU
		{0DEC7F67-9D30-4DBF-A031-6956581D921B}.Release|Any CPU.ActiveCfg = Release|Any CPU
		{0DEC7F67-9D30-4DBF-A031-6956581D921B}.Release|Any CPU.Build.0 = Release|Any CPU
		{DEB5F80A-DBFF-4324-8438-3998342D5A89}.Debug|Any CPU.ActiveCfg = Debug|Any CPU
		{DEB5F80A-DBFF-4324-8438-3998342D5A89}.Debug|Any CPU.Build.0 = Debug|Any CPU
		{DEB5F80A-DBFF-4324-8438-3998342D5A89}.Release|Any CPU.ActiveCfg = Release|Any CPU
		{DEB5F80A-DBFF-4324-8438-3998342D5A89}.Release|Any CPU.Build.0 = Release|Any CPU
		{3DA8B620-457A-4182-A734-F8707E6888EE}.Debug|Any CPU.ActiveCfg = Debug|Any CPU
		{3DA8B620-457A-4182-A734-F8707E6888EE}.Debug|Any CPU.Build.0 = Debug|Any CPU
		{3DA8B620-457A-4182-A734-F8707E6888EE}.Release|Any CPU.ActiveCfg = Release|Any CPU
		{3DA8B620-457A-4182-A734-F8707E6888EE}.Release|Any CPU.Build.0 = Release|Any CPU
	EndGlobalSection
	GlobalSection(SolutionProperties) = preSolution
		HideSolutionNode = FALSE
	EndGlobalSection
	GlobalSection(NestedProjects) = preSolution
		{FFE07D3A-480A-4B54-840B-2C786AFCC9CE} = {AE17514C-7F1D-46D7-9E1F-86ECBBEA176B}
		{35071D3D-F25B-44C1-AF90-4CAD835981E6} = {FFE07D3A-480A-4B54-840B-2C786AFCC9CE}
		{86D56687-0267-49A6-82FB-903943F8F02D} = {AE17514C-7F1D-46D7-9E1F-86ECBBEA176B}
		{4B129DF3-777F-4EB8-852E-B503E710D64F} = {86D56687-0267-49A6-82FB-903943F8F02D}
		{0B3D6DBF-78F7-4FCF-BBA2-702575CF1B0F} = {86D56687-0267-49A6-82FB-903943F8F02D}
		{BC3101DD-3F67-4C4B-B6A5-F7F41254D7DC} = {AE17514C-7F1D-46D7-9E1F-86ECBBEA176B}
		{8AE649D2-CB37-4BD8-A3BE-10AEAED80D49} = {BC3101DD-3F67-4C4B-B6A5-F7F41254D7DC}
		{971A8452-A737-44AD-A2D8-1FEDA8997228} = {BC3101DD-3F67-4C4B-B6A5-F7F41254D7DC}
		{0DF449AE-220E-4ABF-9A79-F556566F4517} = {972BFA50-83D2-4584-95EF-EB3171BC1733}
		{401F4038-14E4-4BB3-B466-4EB1FDCD59C0} = {0DF449AE-220E-4ABF-9A79-F556566F4517}
		{AA230F9E-23D5-4C4C-8D06-AA542DD4BCC2} = {972BFA50-83D2-4584-95EF-EB3171BC1733}
		{3A2AF5E2-205E-42C9-AE88-9CDDD8DCC538} = {AA230F9E-23D5-4C4C-8D06-AA542DD4BCC2}
		{FEA02412-4938-41AF-A128-31FB14D4DF2E} = {AA230F9E-23D5-4C4C-8D06-AA542DD4BCC2}
		{DB64C229-EB58-4B96-88F1-884DF25A0073} = {972BFA50-83D2-4584-95EF-EB3171BC1733}
		{C386FA12-5D6E-4017-8362-ED967D073328} = {DB64C229-EB58-4B96-88F1-884DF25A0073}
		{0DEC7F67-9D30-4DBF-A031-6956581D921B} = {DB64C229-EB58-4B96-88F1-884DF25A0073}
		{8BE6D505-8B1D-48E4-BED3-2D75CA9B34F3} = {17A37895-D35E-4822-9F40-E76861AAA310}
		{DEB5F80A-DBFF-4324-8438-3998342D5A89} = {8BE6D505-8B1D-48E4-BED3-2D75CA9B34F3}
		{2714A704-910A-4C84-89E3-5FC7909AB3A4} = {17A37895-D35E-4822-9F40-E76861AAA310}
		{3DA8B620-457A-4182-A734-F8707E6888EE} = {2714A704-910A-4C84-89E3-5FC7909AB3A4}
	EndGlobalSection
	GlobalSection(ExtensibilityGlobals) = postSolution
		SolutionGuid = {16097DF7-10E8-4FE9-994B-AE1B602AE288}
	EndGlobalSection
EndGlobal
